
Microsoft Visual Studio Solution File, Format Version 12.00
Project("{FAE04EC0-301F-11D3-BF4B-00C04F79EFBC}") = "SimpleServicesDashboard.Api", "src\SimpleServicesDashboard.Api\SimpleServicesDashboard.Api.csproj", "{F98ED69A-9575-4A09-B057-B4777D1CEA2B}"
EndProject
Project("{2150E333-8FDC-42A3-9474-1A3956D46DE8}") = "src", "src", "{71B651C8-3952-45CE-88EE-FA92ACC91260}"
EndProject
Project("{2150E333-8FDC-42A3-9474-1A3956D46DE8}") = "tests", "tests", "{266B464D-79A9-442F-A321-844DA6BDB1F0}"
EndProject
Project("{FAE04EC0-301F-11D3-BF4B-00C04F79EFBC}") = "SimpleServicesDashboard.Common", "src\SimpleServicesDashboard.Common\SimpleServicesDashboard.Common.csproj", "{5BBBDDAE-7A70-47DB-A8F6-2C0D4F9B719A}"
EndProject
Project("{FAE04EC0-301F-11D3-BF4B-00C04F79EFBC}") = "SimpleServicesDashboard.Application", "src\SimpleServicesDashboard.Application\SimpleServicesDashboard.Application.csproj", "{42D8E9FB-7EDF-448E-A798-E9C474C47A73}"
EndProject
Project("{FAE04EC0-301F-11D3-BF4B-00C04F79EFBC}") = "SimpleServicesDashboard.Infrastructure", "src\SimpleServicesDashboard.Infrastructure\SimpleServicesDashboard.Infrastructure.csproj", "{8A38D3A0-38FF-4B61-A9CC-3B97182C18A3}"
EndProject
Project("{FAE04EC0-301F-11D3-BF4B-00C04F79EFBC}") = "SimpleServicesDashboard.Infrastructure.Models", "src\SimpleServicesDashboard.Infrastructure.Models\SimpleServicesDashboard.Infrastructure.Models.csproj", "{F5DEFFA1-774F-44F0-9FC8-9190D2F5AFC9}"
EndProject
Project("{FAE04EC0-301F-11D3-BF4B-00C04F79EFBC}") = "SimpleServicesDashboard.Application.Tests", "tests\SimpleServicesDashboard.Application.Tests\SimpleServicesDashboard.Application.Tests.csproj", "{B0440C2C-55C4-4276-BA6A-F09CF89E9B28}"
EndProject
Global
	GlobalSection(SolutionConfigurationPlatforms) = preSolution
		Debug|Any CPU = Debug|Any CPU
		Release|Any CPU = Release|Any CPU
	EndGlobalSection
	GlobalSection(ProjectConfigurationPlatforms) = postSolution
		{F98ED69A-9575-4A09-B057-B4777D1CEA2B}.Debug|Any CPU.ActiveCfg = Debug|Any CPU
		{F98ED69A-9575-4A09-B057-B4777D1CEA2B}.Debug|Any CPU.Build.0 = Debug|Any CPU
		{F98ED69A-9575-4A09-B057-B4777D1CEA2B}.Release|Any CPU.ActiveCfg = Release|Any CPU
		{F98ED69A-9575-4A09-B057-B4777D1CEA2B}.Release|Any CPU.Build.0 = Release|Any CPU
		{5BBBDDAE-7A70-47DB-A8F6-2C0D4F9B719A}.Debug|Any CPU.ActiveCfg = Debug|Any CPU
		{5BBBDDAE-7A70-47DB-A8F6-2C0D4F9B719A}.Debug|Any CPU.Build.0 = Debug|Any CPU
		{5BBBDDAE-7A70-47DB-A8F6-2C0D4F9B719A}.Release|Any CPU.ActiveCfg = Release|Any CPU
		{5BBBDDAE-7A70-47DB-A8F6-2C0D4F9B719A}.Release|Any CPU.Build.0 = Release|Any CPU
		{42D8E9FB-7EDF-448E-A798-E9C474C47A73}.Debug|Any CPU.ActiveCfg = Debug|Any CPU
		{42D8E9FB-7EDF-448E-A798-E9C474C47A73}.Debug|Any CPU.Build.0 = Debug|Any CPU
		{42D8E9FB-7EDF-448E-A798-E9C474C47A73}.Release|Any CPU.ActiveCfg = Release|Any CPU
		{42D8E9FB-7EDF-448E-A798-E9C474C47A73}.Release|Any CPU.Build.0 = Release|Any CPU
		{8A38D3A0-38FF-4B61-A9CC-3B97182C18A3}.Debug|Any CPU.ActiveCfg = Debug|Any CPU
		{8A38D3A0-38FF-4B61-A9CC-3B97182C18A3}.Debug|Any CPU.Build.0 = Debug|Any CPU
		{8A38D3A0-38FF-4B61-A9CC-3B97182C18A3}.Release|Any CPU.ActiveCfg = Release|Any CPU
		{8A38D3A0-38FF-4B61-A9CC-3B97182C18A3}.Release|Any CPU.Build.0 = Release|Any CPU
		{F5DEFFA1-774F-44F0-9FC8-9190D2F5AFC9}.Debug|Any CPU.ActiveCfg = Debug|Any CPU
		{F5DEFFA1-774F-44F0-9FC8-9190D2F5AFC9}.Debug|Any CPU.Build.0 = Debug|Any CPU
		{F5DEFFA1-774F-44F0-9FC8-9190D2F5AFC9}.Release|Any CPU.ActiveCfg = Release|Any CPU
		{F5DEFFA1-774F-44F0-9FC8-9190D2F5AFC9}.Release|Any CPU.Build.0 = Release|Any CPU
		{B0440C2C-55C4-4276-BA6A-F09CF89E9B28}.Debug|Any CPU.ActiveCfg = Debug|Any CPU
		{B0440C2C-55C4-4276-BA6A-F09CF89E9B28}.Debug|Any CPU.Build.0 = Debug|Any CPU
		{B0440C2C-55C4-4276-BA6A-F09CF89E9B28}.Release|Any CPU.ActiveCfg = Release|Any CPU
		{B0440C2C-55C4-4276-BA6A-F09CF89E9B28}.Release|Any CPU.Build.0 = Release|Any CPU
	EndGlobalSection
	GlobalSection(NestedProjects) = preSolution
		{F98ED69A-9575-4A09-B057-B4777D1CEA2B} = {71B651C8-3952-45CE-88EE-FA92ACC91260}
		{5BBBDDAE-7A70-47DB-A8F6-2C0D4F9B719A} = {71B651C8-3952-45CE-88EE-FA92ACC91260}
		{42D8E9FB-7EDF-448E-A798-E9C474C47A73} = {71B651C8-3952-45CE-88EE-FA92ACC91260}
		{8A38D3A0-38FF-4B61-A9CC-3B97182C18A3} = {71B651C8-3952-45CE-88EE-FA92ACC91260}
		{F5DEFFA1-774F-44F0-9FC8-9190D2F5AFC9} = {71B651C8-3952-45CE-88EE-FA92ACC91260}
		{B0440C2C-55C4-4276-BA6A-F09CF89E9B28} = {266B464D-79A9-442F-A321-844DA6BDB1F0}
	EndGlobalSection
EndGlobal
